
Microsoft Visual Studio Solution File, Format Version 12.00
# Visual Studio 15
VisualStudioVersion = 15.0.28010.2036
MinimumVisualStudioVersion = 10.0.40219.1
Project("{FAE04EC0-301F-11D3-BF4B-00C04F79EFBC}") = "MonteCarlos", "MonteCarlos\MonteCarlos.csproj", "{8D72EA3F-BF59-494B-87E3-1A97436DDA45}"
EndProject
Global
	GlobalSection(SolutionConfigurationPlatforms) = preSolution
		Debug|Any CPU = Debug|Any CPU
		Release|Any CPU = Release|Any CPU
	EndGlobalSection
	GlobalSection(ProjectConfigurationPlatforms) = postSolution
		{8D72EA3F-BF59-494B-87E3-1A97436DDA45}.Debug|Any CPU.ActiveCfg = Debug|Any CPU
		{8D72EA3F-BF59-494B-87E3-1A97436DDA45}.Debug|Any CPU.Build.0 = Debug|Any CPU
		{8D72EA3F-BF59-494B-87E3-1A97436DDA45}.Release|Any CPU.ActiveCfg = Release|Any CPU
		{8D72EA3F-BF59-494B-87E3-1A97436DDA45}.Release|Any CPU.Build.0 = Release|Any CPU
	EndGlobalSection
	GlobalSection(SolutionProperties) = preSolution
		HideSolutionNode = FALSE
	EndGlobalSection
	GlobalSection(ExtensibilityGlobals) = postSolution
		SolutionGuid = {14C2A166-F602-452A-8891-32321F4AFB90}
	EndGlobalSection
EndGlobal
